# This file was autogenerated by Stack.
# You should not edit this file by hand.
# For more information, please see the documentation at:
#   https://docs.haskellstack.org/en/stable/topics/lock_files

packages:
- completed:
    hackage: sbv-14.7@sha256:06263158a0beda865373dd145556beaad0870a58ff7a7c581d9bef4df986136e,28338
    pantry-tree:
      sha256: e78deffc2eb786cf10b4adb9d5a871fdd9abe4f317ec0471929a37e515a41615
      size: 134871
  original:
    hackage: sbv-14.7
snapshots:
- completed:
    sha256: d133abe75e408a407cce3f032c96ac1bbadf474a93b5156ebf4135b53382d56b
    size: 683827
    url: https://raw.githubusercontent.com/commercialhaskell/stackage-snapshots/master/lts/23/18.yaml
  original: lts-23.18
